
Microsoft Visual Studio Solution File, Format Version 12.00
# Visual Studio Version 17
VisualStudioVersion = 17.9.34728.123
MinimumVisualStudioVersion = 10.0.40219.1
Project("{FAE04EC0-301F-11D3-BF4B-00C04F79EFBC}") = "AYLab2Loop4", "AYLab2Loop4.csproj", "{77E3033A-D570-4EE2-9285-A33A62C09736}"
EndProject
Global
	GlobalSection(SolutionConfigurationPlatforms) = preSolution
		Debug|Any CPU = Debug|Any CPU
		Release|Any CPU = Release|Any CPU
	EndGlobalSection
	GlobalSection(ProjectConfigurationPlatforms) = postSolution
		{77E3033A-D570-4EE2-9285-A33A62C09736}.Debug|Any CPU.ActiveCfg = Debug|Any CPU
		{77E3033A-D570-4EE2-9285-A33A62C09736}.Debug|Any CPU.Build.0 = Debug|Any CPU
		{77E3033A-D570-4EE2-9285-A33A62C09736}.Release|Any CPU.ActiveCfg = Release|Any CPU
		{77E3033A-D570-4EE2-9285-A33A62C09736}.Release|Any CPU.Build.0 = Release|Any CPU
	EndGlobalSection
	GlobalSection(SolutionProperties) = preSolution
		HideSolutionNode = FALSE
	EndGlobalSection
	GlobalSection(ExtensibilityGlobals) = postSolution
		SolutionGuid = {E4FDC36C-8FBA-40F8-9FC5-FEDDB8296253}
	EndGlobalSection
EndGlobal
