
Microsoft Visual Studio Solution File, Format Version 12.00
# Visual Studio Version 17
VisualStudioVersion = 17.10.34916.146
MinimumVisualStudioVersion = 10.0.40219.1
Project("{FAE04EC0-301F-11D3-BF4B-00C04F79EFBC}") = "AYlinqlab", "AYlinqlab.csproj", "{AD6473AD-797D-4E91-B1E3-5B8B299DE289}"
EndProject
Global
	GlobalSection(SolutionConfigurationPlatforms) = preSolution
		Debug|Any CPU = Debug|Any CPU
		Release|Any CPU = Release|Any CPU
	EndGlobalSection
	GlobalSection(ProjectConfigurationPlatforms) = postSolution
		{AD6473AD-797D-4E91-B1E3-5B8B299DE289}.Debug|Any CPU.ActiveCfg = Debug|Any CPU
		{AD6473AD-797D-4E91-B1E3-5B8B299DE289}.Debug|Any CPU.Build.0 = Debug|Any CPU
		{AD6473AD-797D-4E91-B1E3-5B8B299DE289}.Release|Any CPU.ActiveCfg = Release|Any CPU
		{AD6473AD-797D-4E91-B1E3-5B8B299DE289}.Release|Any CPU.Build.0 = Release|Any CPU
	EndGlobalSection
	GlobalSection(SolutionProperties) = preSolution
		HideSolutionNode = FALSE
	EndGlobalSection
	GlobalSection(ExtensibilityGlobals) = postSolution
		SolutionGuid = {42871A34-7785-41BD-958F-C1FC84E89D05}
	EndGlobalSection
EndGlobal
